
Microsoft Visual Studio Solution File, Format Version 12.00
# Visual Studio Version 17
VisualStudioVersion = 17.4.33213.308
MinimumVisualStudioVersion = 10.0.40219.1
Project("{8BC9CEB8-8B4A-11D0-8D11-00A0C91BC942}") = "Project0509", "Project0509.vcxproj", "{E14384E3-4052-436F-9C92-2EB9F1B55C8F}"
EndProject
Global
	GlobalSection(SolutionConfigurationPlatforms) = preSolution
		Debug|x64 = Debug|x64
		Debug|x86 = Debug|x86
		Release|x64 = Release|x64
		Release|x86 = Release|x86
	EndGlobalSection
	GlobalSection(ProjectConfigurationPlatforms) = postSolution
		{E14384E3-4052-436F-9C92-2EB9F1B55C8F}.Debug|x64.ActiveCfg = Debug|x64
		{E14384E3-4052-436F-9C92-2EB9F1B55C8F}.Debug|x64.Build.0 = Debug|x64
		{E14384E3-4052-436F-9C92-2EB9F1B55C8F}.Debug|x86.ActiveCfg = Debug|Win32
		{E14384E3-4052-436F-9C92-2EB9F1B55C8F}.Debug|x86.Build.0 = Debug|Win32
		{E14384E3-4052-436F-9C92-2EB9F1B55C8F}.Release|x64.ActiveCfg = Release|x64
		{E14384E3-4052-436F-9C92-2EB9F1B55C8F}.Release|x64.Build.0 = Release|x64
		{E14384E3-4052-436F-9C92-2EB9F1B55C8F}.Release|x86.ActiveCfg = Release|Win32
		{E14384E3-4052-436F-9C92-2EB9F1B55C8F}.Release|x86.Build.0 = Release|Win32
	EndGlobalSection
	GlobalSection(SolutionProperties) = preSolution
		HideSolutionNode = FALSE
	EndGlobalSection
	GlobalSection(ExtensibilityGlobals) = postSolution
		SolutionGuid = {5A605E16-A9A1-4FD0-920C-3A4A5405308F}
	EndGlobalSection
EndGlobal
